
Microsoft Visual Studio Solution File, Format Version 12.00
# Visual Studio Version 17
VisualStudioVersion = 17.4.33122.133
MinimumVisualStudioVersion = 10.0.40219.1
Project("{FAE04EC0-301F-11D3-BF4B-00C04F79EFBC}") = "Class_Object", "Class_Object\Class_Object.csproj", "{7B6DF2D7-8194-49C2-B7B1-4A3E672A3D5F}"
EndProject
Global
	GlobalSection(SolutionConfigurationPlatforms) = preSolution
		Debug|Any CPU = Debug|Any CPU
		Release|Any CPU = Release|Any CPU
	EndGlobalSection
	GlobalSection(ProjectConfigurationPlatforms) = postSolution
		{7B6DF2D7-8194-49C2-B7B1-4A3E672A3D5F}.Debug|Any CPU.ActiveCfg = Debug|Any CPU
		{7B6DF2D7-8194-49C2-B7B1-4A3E672A3D5F}.Debug|Any CPU.Build.0 = Debug|Any CPU
		{7B6DF2D7-8194-49C2-B7B1-4A3E672A3D5F}.Release|Any CPU.ActiveCfg = Release|Any CPU
		{7B6DF2D7-8194-49C2-B7B1-4A3E672A3D5F}.Release|Any CPU.Build.0 = Release|Any CPU
	EndGlobalSection
	GlobalSection(SolutionProperties) = preSolution
		HideSolutionNode = FALSE
	EndGlobalSection
	GlobalSection(ExtensibilityGlobals) = postSolution
		SolutionGuid = {E7D76AD1-2A11-4038-B48E-91939CD76CF9}
	EndGlobalSection
EndGlobal
